
Microsoft Visual Studio Solution File, Format Version 12.00
# Visual Studio Version 17
VisualStudioVersion = 17.0.31912.275
MinimumVisualStudioVersion = 10.0.40219.1
Project("{FAE04EC0-301F-11D3-BF4B-00C04F79EFBC}") = "PrimeNumbers", "PrimeNumbers.csproj", "{F4705BE6-0160-4016-B63E-F89B1C529F24}"
EndProject
Global
	GlobalSection(SolutionConfigurationPlatforms) = preSolution
		Debug|Any CPU = Debug|Any CPU
		Release|Any CPU = Release|Any CPU
	EndGlobalSection
	GlobalSection(ProjectConfigurationPlatforms) = postSolution
		{F4705BE6-0160-4016-B63E-F89B1C529F24}.Debug|Any CPU.ActiveCfg = Debug|Any CPU
		{F4705BE6-0160-4016-B63E-F89B1C529F24}.Debug|Any CPU.Build.0 = Debug|Any CPU
		{F4705BE6-0160-4016-B63E-F89B1C529F24}.Release|Any CPU.ActiveCfg = Release|Any CPU
		{F4705BE6-0160-4016-B63E-F89B1C529F24}.Release|Any CPU.Build.0 = Release|Any CPU
	EndGlobalSection
	GlobalSection(SolutionProperties) = preSolution
		HideSolutionNode = FALSE
	EndGlobalSection
	GlobalSection(ExtensibilityGlobals) = postSolution
		SolutionGuid = {9C65FF00-623A-4823-842C-F8E472C194A3}
	EndGlobalSection
EndGlobal
